
Microsoft Visual Studio Solution File, Format Version 12.00
# Visual Studio Version 17
VisualStudioVersion = 17.7.34031.279
MinimumVisualStudioVersion = 10.0.40219.1
Project("{FAE04EC0-301F-11D3-BF4B-00C04F79EFBC}") = "LeetCode-BaseballProblem-Stack", "LeetCode-BaseballProblem-Stack\LeetCode-BaseballProblem-Stack.csproj", "{E1278756-9E77-4FD6-909C-F7BF6024C04D}"
EndProject
Project("{FAE04EC0-301F-11D3-BF4B-00C04F79EFBC}") = "Theory-BalancedParanthesesStack", "Theory-BalancedParanthesesStack\Theory-BalancedParanthesesStack.csproj", "{504208D1-9F93-4647-9BD8-C2A5E20DF0D3}"
EndProject
Global
	GlobalSection(SolutionConfigurationPlatforms) = preSolution
		Debug|Any CPU = Debug|Any CPU
		Release|Any CPU = Release|Any CPU
	EndGlobalSection
	GlobalSection(ProjectConfigurationPlatforms) = postSolution
		{E1278756-9E77-4FD6-909C-F7BF6024C04D}.Debug|Any CPU.ActiveCfg = Debug|Any CPU
		{E1278756-9E77-4FD6-909C-F7BF6024C04D}.Debug|Any CPU.Build.0 = Debug|Any CPU
		{E1278756-9E77-4FD6-909C-F7BF6024C04D}.Release|Any CPU.ActiveCfg = Release|Any CPU
		{E1278756-9E77-4FD6-909C-F7BF6024C04D}.Release|Any CPU.Build.0 = Release|Any CPU
		{504208D1-9F93-4647-9BD8-C2A5E20DF0D3}.Debug|Any CPU.ActiveCfg = Debug|Any CPU
		{504208D1-9F93-4647-9BD8-C2A5E20DF0D3}.Debug|Any CPU.Build.0 = Debug|Any CPU
		{504208D1-9F93-4647-9BD8-C2A5E20DF0D3}.Release|Any CPU.ActiveCfg = Release|Any CPU
		{504208D1-9F93-4647-9BD8-C2A5E20DF0D3}.Release|Any CPU.Build.0 = Release|Any CPU
	EndGlobalSection
	GlobalSection(SolutionProperties) = preSolution
		HideSolutionNode = FALSE
	EndGlobalSection
	GlobalSection(ExtensibilityGlobals) = postSolution
		SolutionGuid = {5C27A5E7-1500-4EED-A297-ED9AF3797186}
	EndGlobalSection
EndGlobal
